// !$*UTF8*$!
{
	archiveVersion = 1;
	classes = {
	};
	objectVersion = 46;
	objects = {

/* Begin PBXBuildFile section */
		504FCCD61C817A0300E3BCFE /* AppDelegate.swift in Sources */ = {isa = PBXBuildFile; fileRef = 504FCCD51C817A0300E3BCFE /* AppDelegate.swift */; };
		504FCCD81C817A0300E3BCFE /* ViewController.swift in Sources */ = {isa = PBXBuildFile; fileRef = 504FCCD71C817A0300E3BCFE /* ViewController.swift */; };
		504FCCDB1C817A0300E3BCFE /* Main.storyboard in Resources */ = {isa = PBXBuildFile; fileRef = 504FCCD91C817A0300E3BCFE /* Main.storyboard */; };
		504FCCDD1C817A0300E3BCFE /* Assets.xcassets in Resources */ = {isa = PBXBuildFile; fileRef = 504FCCDC1C817A0300E3BCFE /* Assets.xcassets */; };
		504FCCE01C817A0300E3BCFE /* LaunchScreen.storyboard in Resources */ = {isa = PBXBuildFile; fileRef = 504FCCDE1C817A0300E3BCFE /* LaunchScreen.storyboard */; };
/* End PBXBuildFile section */

/* Begin PBXFileReference section */
		504FCCD21C817A0300E3BCFE /* sample4.app */ = {isa = PBXFileReference; explicitFileType = wrapper.application; includeInIndex = 0; path = sample4.app; sourceTree = BUILT_PRODUCTS_DIR; };
		504FCCD51C817A0300E3BCFE /* AppDelegate.swift */ = {isa = PBXFileReference; lastKnownFileType = sourcecode.swift; path = AppDelegate.swift; sourceTree = "<group>"; };
		504FCCD71C817A0300E3BCFE /* ViewController.swift */ = {isa = PBXFileReference; lastKnownFileType = sourcecode.swift; path = ViewController.swift; sourceTree = "<group>"; };
		504FCCDA1C817A0300E3BCFE /* Base */ = {isa = PBXFileReference; lastKnownFileType = file.storyboard; name = Base; path = Base.lproj/Main.storyboard; sourceTree = "<group>"; };
		504FCCDC1C817A0300E3BCFE /* Assets.xcassets */ = {isa = PBXFileReference; lastKnownFileType = folder.assetcatalog; path = Assets.xcassets; sourceTree = "<group>"; };
		504FCCDF1C817A0300E3BCFE /* Base */ = {isa = PBXFileReference; lastKnownFileType = file.storyboard; name = Base; path = Base.lproj/LaunchScreen.storyboard; sourceTree = "<group>"; };
		504FCCE11C817A0300E3BCFE /* Info.plist */ = {isa = PBXFileReference; lastKnownFileType = text.plist.xml; path = Info.plist; sourceTree = "<group>"; };
/* End PBXFileReference section */

/* Begin PBXFrameworksBuildPhase section */
		504FCCCF1C817A0300E3BCFE /* Frameworks */ = {
			isa = PBXFrameworksBuildPhase;
			buildActionMask = 2147483647;
			files = (
			);
			runOnlyForDeploymentPostprocessing = 0;
		};
/* End PBXFrameworksBuildPhase section */

/* Begin PBXGroup section */
		504FCCC91C817A0300E3BCFE = {
			isa = PBXGroup;
			children = (
				504FCCD41C817A0300E3BCFE /* sample4 */,
				504FCCD31C817A0300E3BCFE /* Products */,
			);
			sourceTree = "<group>";
		};
		504FCCD31C817A0300E3BCFE /* Products */ = {
			isa = PBXGroup;
			children = (
				504FCCD21C817A0300E3BCFE /* sample4.app */,
			);
			name = Products;
			sourceTree = "<group>";
		};
		504FCCD41C817A0300E3BCFE /* sample4 */ = {
			isa = PBXGroup;
			children = (
				504FCCD51C817A0300E3BCFE /* AppDelegate.swift */,
				504FCCD71C817A0300E3BCFE /* ViewController.swift */,
				504FCCD91C817A0300E3BCFE /* Main.storyboard */,
				504FCCDC1C817A0300E3BCFE /* Assets.xcassets */,
				504FCCDE1C817A0300E3BCFE /* LaunchScreen.storyboard */,
				504FCCE11C817A0300E3BCFE /* Info.plist */,
			);
			path = sample4;
			sourceTree = "<group>";
		};
/* End PBXGroup section */

/* Begin PBXNativeTarget section */
		504FCCD11C817A0300E3BCFE /* sample4 */ = {
			isa = PBXNativeTarget;
			buildConfigurationList = 504FCCE41C817A0300E3BCFE /* Build configuration list for PBXNativeTarget "sample4" */;
			buildPhases = (
				504FCCCE1C817A0300E3BCFE /* Sources */,
				504FCCCF1C817A0300E3BCFE /* Frameworks */,
				504FCCD01C817A0300E3BCFE /* Resources */,
			);
			buildRules = (
			);
			dependencies = (
			);
			name = sample4;
			productName = sample4;
			productReference = 504FCCD21C817A0300E3BCFE /* sample4.app */;
			productType = "com.apple.product-type.application";
		};
/* End PBXNativeTarget section */

/* Begin PBXProject section */
		504FCCCA1C817A0300E3BCFE /* Project object */ = {
			isa = PBXProject;
			attributes = {
				LastSwiftUpdateCheck = 0720;
				LastUpgradeCheck = 0720;
				ORGANIZATIONNAME = bitjini;
				TargetAttributes = {
					504FCCD11C817A0300E3BCFE = {
						CreatedOnToolsVersion = 7.2;
					};
				};
			};
			buildConfigurationList = 504FCCCD1C817A0300E3BCFE /* Build configuration list for PBXProject "sample4" */;
			compatibilityVersion = "Xcode 3.2";
			developmentRegion = English;
			hasScannedForEncodings = 0;
			knownRegions = (
				en,
				Base,
			);
			mainGroup = 504FCCC91C817A0300E3BCFE;
			productRefGroup = 504FCCD31C817A0300E3BCFE /* Products */;
			projectDirPath = "";
			projectRoot = "";
			targets = (
				504FCCD11C817A0300E3BCFE /* sample4 */,
			);
		};
/* End PBXProject section */

/* Begin PBXResourcesBuildPhase section */
		504FCCD01C817A0300E3BCFE /* Resources */ = {
			isa = PBXResourcesBuildPhase;
			buildActionMask = 2147483647;
			files = (
				504FCCE01C817A0300E3BCFE /* LaunchScreen.storyboard in Resources */,
				504FCCDD1C817A0300E3BCFE /* Assets.xcassets in Resources */,
				504FCCDB1C817A0300E3BCFE /* Main.storyboard in Resources */,
			);
			runOnlyForDeploymentPostprocessing = 0;
		};
/* End PBXResourcesBuildPhase section */

/* Begin PBXSourcesBuildPhase section */
		504FCCCE1C817A0300E3BCFE /* Sources */ = {
			isa = PBXSourcesBuildPhase;
			buildActionMask = 2147483647;
			files = (
				504FCCD81C817A0300E3BCFE /* ViewController.swift in Sources */,
				504FCCD61C817A0300E3BCFE /* AppDelegate.swift in Sources */,
			);
			runOnlyForDeploymentPostprocessing = 0;
		};
/* End PBXSourcesBuildPhase section */

/* Begin PBXVariantGroup section */
		504FCCD91C817A0300E3BCFE /* Main.storyboard */ = {
			isa = PBXVariantGroup;
			children = (
				504FCCDA1C817A0300E3BCFE /* Base */,
			);
			name = Main.storyboard;
			sourceTree = "<group>";
		};
		504FCCDE1C817A0300E3BCFE /* LaunchScreen.storyboard */ = {
			isa = PBXVariantGroup;
			children = (
				504FCCDF1C817A0300E3BCFE /* Base */,
			);
			name = LaunchScreen.storyboard;
			sourceTree = "<group>";
		};
/* End PBXVariantGroup section */

/* Begin XCBuildConfiguration section */
		504FCCE21C817A0300E3BCFE /* Debug */ = {
			isa = XCBuildConfiguration;
			buildSettings = {
				ALWAYS_SEARCH_USER_PATHS = NO;
				CLANG_CXX_LANGUAGE_STANDARD = "gnu++0x";
				CLANG_CXX_LIBRARY = "libc++";
				CLANG_ENABLE_MODULES = YES;
				CLANG_ENABLE_OBJC_ARC = YES;
				CLANG_WARN_BOOL_CONVERSION = YES;
				CLANG_WARN_CONSTANT_CONVERSION = YES;
				CLANG_WARN_DIRECT_OBJC_ISA_USAGE = YES_ERROR;
				CLANG_WARN_EMPTY_BODY = YES;
				CLANG_WARN_ENUM_CONVERSION = YES;
				CLANG_WARN_INT_CONVERSION = YES;
				CLANG_WARN_OBJC_ROOT_CLASS = YES_ERROR;
				CLANG_WARN_UNREACHABLE_CODE = YES;
				CLANG_WARN__DUPLICATE_METHOD_MATCH = YES;
				"CODE_SIGN_IDENTITY[sdk=iphoneos*]" = "iPhone Developer";
				COPY_PHASE_STRIP = NO;
				DEBUG_INFORMATION_FORMAT = dwarf;
				ENABLE_STRICT_OBJC_MSGSEND = YES;
				ENABLE_TESTABILITY = YES;
				GCC_C_LANGUAGE_STANDARD = gnu99;
				GCC_DYNAMIC_NO_PIC = NO;
				GCC_NO_COMMON_BLOCKS = YES;
				GCC_OPTIMIZATION_LEVEL = 0;
				GCC_PREPROCESSOR_DEFINITIONS = (
					"DEBUG=1",
					"$(inherited)",
				);
				GCC_WARN_64_TO_32_BIT_CONVERSION = YES;
				GCC_WARN_ABOUT_RETURN_TYPE = YES_ERROR;
				GCC_WARN_UNDECLARED_SELECTOR = YES;
				GCC_WARN_UNINITIALIZED_AUTOS = YES_AGGRESSIVE;
				GCC_WARN_UNUSED_FUNCTION = YES;
				GCC_WARN_UNUSED_VARIABLE = YES;
				IPHONEOS_DEPLOYMENT_TARGET = 9.2;
				MTL_ENABLE_DEBUG_INFO = YES;
				ONLY_ACTIVE_ARCH = YES;
				SDKROOT = iphoneos;
				SWIFT_OPTIMIZATION_LEVEL = "-Onone";
				TARGETED_DEVICE_FAMILY = "1,2";
			};
			name = Debug;
		};
		504FCCE31C817A0300E3BCFE /* Release */ = {
			isa = XCBuildConfiguration;
			buildSettings = {
				ALWAYS_SEARCH_USER_PATHS = NO;
				CLANG_CXX_LANGUAGE_STANDARD = "gnu++0x";
				CLANG_CXX_LIBRARY = "libc++";
				CLANG_ENABLE_MODULES = YES;
				CLANG_ENABLE_OBJC_ARC = YES;
				CLANG_WARN_BOOL_CONVERSION = YES;
				CLANG_WARN_CONSTANT_CONVERSION = YES;
				CLANG_WARN_DIRECT_OBJC_ISA_USAGE = YES_ERROR;
				CLANG_WARN_EMPTY_BODY = YES;
				CLANG_WARN_ENUM_CONVERSION = YES;
				CLANG_WARN_INT_CONVERSION = YES;
				CLANG_WARN_OBJC_ROOT_CLASS = YES_ERROR;
				CLANG_WARN_UNREACHABLE_CODE = YES;
				CLANG_WARN__DUPLICATE_METHOD_MATCH = YES;
				"CODE_SIGN_IDENTITY[sdk=iphoneos*]" = "iPhone Developer";
				COPY_PHASE_STRIP = NO;
				DEBUG_INFORMATION_FORMAT = "dwarf-with-dsym";
				ENABLE_NS_ASSERTIONS = NO;
				ENABLE_STRICT_OBJC_MSGSEND = YES;
				GCC_C_LANGUAGE_STANDARD = gnu99;
				GCC_NO_COMMON_BLOCKS = YES;
				GCC_WARN_64_TO_32_BIT_CONVERSION = YES;
				GCC_WARN_ABOUT_RETURN_TYPE = YES_ERROR;
				GCC_WARN_UNDECLARED_SELECTOR = YES;
				GCC_WARN_UNINITIALIZED_AUTOS = YES_AGGRESSIVE;
				GCC_WARN_UNUSED_FUNCTION = YES;
				GCC_WARN_UNUSED_VARIABLE = YES;
				IPHONEOS_DEPLOYMENT_TARGET = 9.2;
				MTL_ENABLE_DEBUG_INFO = NO;
				SDKROOT = iphoneos;
				TARGETED_DEVICE_FAMILY = "1,2";
				VALIDATE_PRODUCT = YES;
			};
			name = Release;
		};
		504FCCE51C817A0300E3BCFE /* Debug */ = {
			isa = XCBuildConfiguration;
			buildSettings = {
				ASSETCATALOG_COMPILER_APPICON_NAME = AppIcon;
				INFOPLIST_FILE = sample4/Info.plist;
				LD_RUNPATH_SEARCH_PATHS = "$(inherited) @executable_path/Frameworks";
				PRODUCT_BUNDLE_IDENTIFIER = com.bitjini.sample4;
				PRODUCT_NAME = "$(TARGET_NAME)";
			};
			name = Debug;
		};
		504FCCE61C817A0300E3BCFE /* Release */ = {
			isa = XCBuildConfiguration;
			buildSettings = {
				ASSETCATALOG_COMPILER_APPICON_NAME = AppIcon;
				INFOPLIST_FILE = sample4/Info.plist;
				LD_RUNPATH_SEARCH_PATHS = "$(inherited) @executable_path/Frameworks";
				PRODUCT_BUNDLE_IDENTIFIER = com.bitjini.sample4;
				PRODUCT_NAME = "$(TARGET_NAME)";
			};
			name = Release;
		};
/* End XCBuildConfiguration section */

/* Begin XCConfigurationList section */
		504FCCCD1C817A0300E3BCFE /* Build configuration list for PBXProject "sample4" */ = {
			isa = XCConfigurationList;
			buildConfigurations = (
				504FCCE21C817A0300E3BCFE /* Debug */,
				504FCCE31C817A0300E3BCFE /* Release */,
			);
			defaultConfigurationIsVisible = 0;
			defaultConfigurationName = Release;
		};
		504FCCE41C817A0300E3BCFE /* Build configuration list for PBXNativeTarget "sample4" */ = {
			isa = XCConfigurationList;
			buildConfigurations = (
				504FCCE51C817A0300E3BCFE /* Debug */,
				504FCCE61C817A0300E3BCFE /* Release */,
			);
			defaultConfigurationIsVisible = 0;
		};
/* End XCConfigurationList section */
	};
	rootObject = 504FCCCA1C817A0300E3BCFE /* Project object */;
}
