// !$*UTF8*$!
{
	archiveVersion = 1;
	classes = {
	};
	objectVersion = 46;
	objects = {

/* Begin PBXBuildFile section */
		500761451C9298D0002746B2 /* NameController.swift in Sources */ = {isa = PBXBuildFile; fileRef = 500761441C9298D0002746B2 /* NameController.swift */; };
		506162811C928E1C00E51119 /* AppDelegate.swift in Sources */ = {isa = PBXBuildFile; fileRef = 506162801C928E1C00E51119 /* AppDelegate.swift */; };
		506162831C928E1C00E51119 /* ViewController.swift in Sources */ = {isa = PBXBuildFile; fileRef = 506162821C928E1C00E51119 /* ViewController.swift */; };
		506162861C928E1C00E51119 /* Main.storyboard in Resources */ = {isa = PBXBuildFile; fileRef = 506162841C928E1C00E51119 /* Main.storyboard */; };
		506162881C928E1C00E51119 /* Assets.xcassets in Resources */ = {isa = PBXBuildFile; fileRef = 506162871C928E1C00E51119 /* Assets.xcassets */; };
		5061628B1C928E1C00E51119 /* LaunchScreen.storyboard in Resources */ = {isa = PBXBuildFile; fileRef = 506162891C928E1C00E51119 /* LaunchScreen.storyboard */; };
/* End PBXBuildFile section */

/* Begin PBXFileReference section */
		500761441C9298D0002746B2 /* NameController.swift */ = {isa = PBXFileReference; fileEncoding = 4; lastKnownFileType = sourcecode.swift; path = NameController.swift; sourceTree = "<group>"; };
		5061627D1C928E1C00E51119 /* navigationex.app */ = {isa = PBXFileReference; explicitFileType = wrapper.application; includeInIndex = 0; path = navigationex.app; sourceTree = BUILT_PRODUCTS_DIR; };
		506162801C928E1C00E51119 /* AppDelegate.swift */ = {isa = PBXFileReference; lastKnownFileType = sourcecode.swift; path = AppDelegate.swift; sourceTree = "<group>"; };
		506162821C928E1C00E51119 /* ViewController.swift */ = {isa = PBXFileReference; lastKnownFileType = sourcecode.swift; path = ViewController.swift; sourceTree = "<group>"; };
		506162851C928E1C00E51119 /* Base */ = {isa = PBXFileReference; lastKnownFileType = file.storyboard; name = Base; path = Base.lproj/Main.storyboard; sourceTree = "<group>"; };
		506162871C928E1C00E51119 /* Assets.xcassets */ = {isa = PBXFileReference; lastKnownFileType = folder.assetcatalog; path = Assets.xcassets; sourceTree = "<group>"; };
		5061628A1C928E1C00E51119 /* Base */ = {isa = PBXFileReference; lastKnownFileType = file.storyboard; name = Base; path = Base.lproj/LaunchScreen.storyboard; sourceTree = "<group>"; };
		5061628C1C928E1C00E51119 /* Info.plist */ = {isa = PBXFileReference; lastKnownFileType = text.plist.xml; path = Info.plist; sourceTree = "<group>"; };
/* End PBXFileReference section */

/* Begin PBXFrameworksBuildPhase section */
		5061627A1C928E1C00E51119 /* Frameworks */ = {
			isa = PBXFrameworksBuildPhase;
			buildActionMask = 2147483647;
			files = (
			);
			runOnlyForDeploymentPostprocessing = 0;
		};
/* End PBXFrameworksBuildPhase section */

/* Begin PBXGroup section */
		506162741C928E1C00E51119 = {
			isa = PBXGroup;
			children = (
				5061627F1C928E1C00E51119 /* navigationex */,
				5061627E1C928E1C00E51119 /* Products */,
			);
			sourceTree = "<group>";
		};
		5061627E1C928E1C00E51119 /* Products */ = {
			isa = PBXGroup;
			children = (
				5061627D1C928E1C00E51119 /* navigationex.app */,
			);
			name = Products;
			sourceTree = "<group>";
		};
		5061627F1C928E1C00E51119 /* navigationex */ = {
			isa = PBXGroup;
			children = (
				506162801C928E1C00E51119 /* AppDelegate.swift */,
				506162821C928E1C00E51119 /* ViewController.swift */,
				506162841C928E1C00E51119 /* Main.storyboard */,
				506162871C928E1C00E51119 /* Assets.xcassets */,
				506162891C928E1C00E51119 /* LaunchScreen.storyboard */,
				5061628C1C928E1C00E51119 /* Info.plist */,
				500761441C9298D0002746B2 /* NameController.swift */,
			);
			path = navigationex;
			sourceTree = "<group>";
		};
/* End PBXGroup section */

/* Begin PBXNativeTarget section */
		5061627C1C928E1C00E51119 /* navigationex */ = {
			isa = PBXNativeTarget;
			buildConfigurationList = 5061628F1C928E1C00E51119 /* Build configuration list for PBXNativeTarget "navigationex" */;
			buildPhases = (
				506162791C928E1C00E51119 /* Sources */,
				5061627A1C928E1C00E51119 /* Frameworks */,
				5061627B1C928E1C00E51119 /* Resources */,
			);
			buildRules = (
			);
			dependencies = (
			);
			name = navigationex;
			productName = navigationex;
			productReference = 5061627D1C928E1C00E51119 /* navigationex.app */;
			productType = "com.apple.product-type.application";
		};
/* End PBXNativeTarget section */

/* Begin PBXProject section */
		506162751C928E1C00E51119 /* Project object */ = {
			isa = PBXProject;
			attributes = {
				LastSwiftUpdateCheck = 0720;
				LastUpgradeCheck = 0720;
				ORGANIZATIONNAME = bitjini;
				TargetAttributes = {
					5061627C1C928E1C00E51119 = {
						CreatedOnToolsVersion = 7.2;
					};
				};
			};
			buildConfigurationList = 506162781C928E1C00E51119 /* Build configuration list for PBXProject "navigationex" */;
			compatibilityVersion = "Xcode 3.2";
			developmentRegion = English;
			hasScannedForEncodings = 0;
			knownRegions = (
				en,
				Base,
			);
			mainGroup = 506162741C928E1C00E51119;
			productRefGroup = 5061627E1C928E1C00E51119 /* Products */;
			projectDirPath = "";
			projectRoot = "";
			targets = (
				5061627C1C928E1C00E51119 /* navigationex */,
			);
		};
/* End PBXProject section */

/* Begin PBXResourcesBuildPhase section */
		5061627B1C928E1C00E51119 /* Resources */ = {
			isa = PBXResourcesBuildPhase;
			buildActionMask = 2147483647;
			files = (
				5061628B1C928E1C00E51119 /* LaunchScreen.storyboard in Resources */,
				506162881C928E1C00E51119 /* Assets.xcassets in Resources */,
				506162861C928E1C00E51119 /* Main.storyboard in Resources */,
			);
			runOnlyForDeploymentPostprocessing = 0;
		};
/* End PBXResourcesBuildPhase section */

/* Begin PBXSourcesBuildPhase section */
		506162791C928E1C00E51119 /* Sources */ = {
			isa = PBXSourcesBuildPhase;
			buildActionMask = 2147483647;
			files = (
				506162831C928E1C00E51119 /* ViewController.swift in Sources */,
				506162811C928E1C00E51119 /* AppDelegate.swift in Sources */,
				500761451C9298D0002746B2 /* NameController.swift in Sources */,
			);
			runOnlyForDeploymentPostprocessing = 0;
		};
/* End PBXSourcesBuildPhase section */

/* Begin PBXVariantGroup section */
		506162841C928E1C00E51119 /* Main.storyboard */ = {
			isa = PBXVariantGroup;
			children = (
				506162851C928E1C00E51119 /* Base */,
			);
			name = Main.storyboard;
			sourceTree = "<group>";
		};
		506162891C928E1C00E51119 /* LaunchScreen.storyboard */ = {
			isa = PBXVariantGroup;
			children = (
				5061628A1C928E1C00E51119 /* Base */,
			);
			name = LaunchScreen.storyboard;
			sourceTree = "<group>";
		};
/* End PBXVariantGroup section */

/* Begin XCBuildConfiguration section */
		5061628D1C928E1C00E51119 /* Debug */ = {
			isa = XCBuildConfiguration;
			buildSettings = {
				ALWAYS_SEARCH_USER_PATHS = NO;
				CLANG_CXX_LANGUAGE_STANDARD = "gnu++0x";
				CLANG_CXX_LIBRARY = "libc++";
				CLANG_ENABLE_MODULES = YES;
				CLANG_ENABLE_OBJC_ARC = YES;
				CLANG_WARN_BOOL_CONVERSION = YES;
				CLANG_WARN_CONSTANT_CONVERSION = YES;
				CLANG_WARN_DIRECT_OBJC_ISA_USAGE = YES_ERROR;
				CLANG_WARN_EMPTY_BODY = YES;
				CLANG_WARN_ENUM_CONVERSION = YES;
				CLANG_WARN_INT_CONVERSION = YES;
				CLANG_WARN_OBJC_ROOT_CLASS = YES_ERROR;
				CLANG_WARN_UNREACHABLE_CODE = YES;
				CLANG_WARN__DUPLICATE_METHOD_MATCH = YES;
				"CODE_SIGN_IDENTITY[sdk=iphoneos*]" = "iPhone Developer";
				COPY_PHASE_STRIP = NO;
				DEBUG_INFORMATION_FORMAT = dwarf;
				ENABLE_STRICT_OBJC_MSGSEND = YES;
				ENABLE_TESTABILITY = YES;
				GCC_C_LANGUAGE_STANDARD = gnu99;
				GCC_DYNAMIC_NO_PIC = NO;
				GCC_NO_COMMON_BLOCKS = YES;
				GCC_OPTIMIZATION_LEVEL = 0;
				GCC_PREPROCESSOR_DEFINITIONS = (
					"DEBUG=1",
					"$(inherited)",
				);
				GCC_WARN_64_TO_32_BIT_CONVERSION = YES;
				GCC_WARN_ABOUT_RETURN_TYPE = YES_ERROR;
				GCC_WARN_UNDECLARED_SELECTOR = YES;
				GCC_WARN_UNINITIALIZED_AUTOS = YES_AGGRESSIVE;
				GCC_WARN_UNUSED_FUNCTION = YES;
				GCC_WARN_UNUSED_VARIABLE = YES;
				IPHONEOS_DEPLOYMENT_TARGET = 9.2;
				MTL_ENABLE_DEBUG_INFO = YES;
				ONLY_ACTIVE_ARCH = YES;
				SDKROOT = iphoneos;
				SWIFT_OPTIMIZATION_LEVEL = "-Onone";
				TARGETED_DEVICE_FAMILY = "1,2";
			};
			name = Debug;
		};
		5061628E1C928E1C00E51119 /* Release */ = {
			isa = XCBuildConfiguration;
			buildSettings = {
				ALWAYS_SEARCH_USER_PATHS = NO;
				CLANG_CXX_LANGUAGE_STANDARD = "gnu++0x";
				CLANG_CXX_LIBRARY = "libc++";
				CLANG_ENABLE_MODULES = YES;
				CLANG_ENABLE_OBJC_ARC = YES;
				CLANG_WARN_BOOL_CONVERSION = YES;
				CLANG_WARN_CONSTANT_CONVERSION = YES;
				CLANG_WARN_DIRECT_OBJC_ISA_USAGE = YES_ERROR;
				CLANG_WARN_EMPTY_BODY = YES;
				CLANG_WARN_ENUM_CONVERSION = YES;
				CLANG_WARN_INT_CONVERSION = YES;
				CLANG_WARN_OBJC_ROOT_CLASS = YES_ERROR;
				CLANG_WARN_UNREACHABLE_CODE = YES;
				CLANG_WARN__DUPLICATE_METHOD_MATCH = YES;
				"CODE_SIGN_IDENTITY[sdk=iphoneos*]" = "iPhone Developer";
				COPY_PHASE_STRIP = NO;
				DEBUG_INFORMATION_FORMAT = "dwarf-with-dsym";
				ENABLE_NS_ASSERTIONS = NO;
				ENABLE_STRICT_OBJC_MSGSEND = YES;
				GCC_C_LANGUAGE_STANDARD = gnu99;
				GCC_NO_COMMON_BLOCKS = YES;
				GCC_WARN_64_TO_32_BIT_CONVERSION = YES;
				GCC_WARN_ABOUT_RETURN_TYPE = YES_ERROR;
				GCC_WARN_UNDECLARED_SELECTOR = YES;
				GCC_WARN_UNINITIALIZED_AUTOS = YES_AGGRESSIVE;
				GCC_WARN_UNUSED_FUNCTION = YES;
				GCC_WARN_UNUSED_VARIABLE = YES;
				IPHONEOS_DEPLOYMENT_TARGET = 9.2;
				MTL_ENABLE_DEBUG_INFO = NO;
				SDKROOT = iphoneos;
				TARGETED_DEVICE_FAMILY = "1,2";
				VALIDATE_PRODUCT = YES;
			};
			name = Release;
		};
		506162901C928E1C00E51119 /* Debug */ = {
			isa = XCBuildConfiguration;
			buildSettings = {
				ASSETCATALOG_COMPILER_APPICON_NAME = AppIcon;
				INFOPLIST_FILE = navigationex/Info.plist;
				LD_RUNPATH_SEARCH_PATHS = "$(inherited) @executable_path/Frameworks";
				PRODUCT_BUNDLE_IDENTIFIER = com.bitjini.navigationex;
				PRODUCT_NAME = "$(TARGET_NAME)";
			};
			name = Debug;
		};
		506162911C928E1C00E51119 /* Release */ = {
			isa = XCBuildConfiguration;
			buildSettings = {
				ASSETCATALOG_COMPILER_APPICON_NAME = AppIcon;
				INFOPLIST_FILE = navigationex/Info.plist;
				LD_RUNPATH_SEARCH_PATHS = "$(inherited) @executable_path/Frameworks";
				PRODUCT_BUNDLE_IDENTIFIER = com.bitjini.navigationex;
				PRODUCT_NAME = "$(TARGET_NAME)";
			};
			name = Release;
		};
/* End XCBuildConfiguration section */

/* Begin XCConfigurationList section */
		506162781C928E1C00E51119 /* Build configuration list for PBXProject "navigationex" */ = {
			isa = XCConfigurationList;
			buildConfigurations = (
				5061628D1C928E1C00E51119 /* Debug */,
				5061628E1C928E1C00E51119 /* Release */,
			);
			defaultConfigurationIsVisible = 0;
			defaultConfigurationName = Release;
		};
		5061628F1C928E1C00E51119 /* Build configuration list for PBXNativeTarget "navigationex" */ = {
			isa = XCConfigurationList;
			buildConfigurations = (
				506162901C928E1C00E51119 /* Debug */,
				506162911C928E1C00E51119 /* Release */,
			);
			defaultConfigurationIsVisible = 0;
			defaultConfigurationName = Release;
		};
/* End XCConfigurationList section */
	};
	rootObject = 506162751C928E1C00E51119 /* Project object */;
}
