// !$*UTF8*$!
{
	archiveVersion = 1;
	classes = {
	};
	objectVersion = 46;
	objects = {

/* Begin PBXBuildFile section */
		507AF5491C842A2300EF1C05 /* AppDelegate.swift in Sources */ = {isa = PBXBuildFile; fileRef = 507AF5481C842A2300EF1C05 /* AppDelegate.swift */; };
		507AF54B1C842A2300EF1C05 /* ViewController.swift in Sources */ = {isa = PBXBuildFile; fileRef = 507AF54A1C842A2300EF1C05 /* ViewController.swift */; };
		507AF54E1C842A2400EF1C05 /* Main.storyboard in Resources */ = {isa = PBXBuildFile; fileRef = 507AF54C1C842A2400EF1C05 /* Main.storyboard */; };
		507AF5501C842A2400EF1C05 /* Assets.xcassets in Resources */ = {isa = PBXBuildFile; fileRef = 507AF54F1C842A2400EF1C05 /* Assets.xcassets */; };
		507AF5531C842A2400EF1C05 /* LaunchScreen.storyboard in Resources */ = {isa = PBXBuildFile; fileRef = 507AF5511C842A2400EF1C05 /* LaunchScreen.storyboard */; };
/* End PBXBuildFile section */

/* Begin PBXFileReference section */
		507AF5451C842A2300EF1C05 /* Sample3.app */ = {isa = PBXFileReference; explicitFileType = wrapper.application; includeInIndex = 0; path = Sample3.app; sourceTree = BUILT_PRODUCTS_DIR; };
		507AF5481C842A2300EF1C05 /* AppDelegate.swift */ = {isa = PBXFileReference; lastKnownFileType = sourcecode.swift; path = AppDelegate.swift; sourceTree = "<group>"; };
		507AF54A1C842A2300EF1C05 /* ViewController.swift */ = {isa = PBXFileReference; lastKnownFileType = sourcecode.swift; path = ViewController.swift; sourceTree = "<group>"; };
		507AF54D1C842A2400EF1C05 /* Base */ = {isa = PBXFileReference; lastKnownFileType = file.storyboard; name = Base; path = Base.lproj/Main.storyboard; sourceTree = "<group>"; };
		507AF54F1C842A2400EF1C05 /* Assets.xcassets */ = {isa = PBXFileReference; lastKnownFileType = folder.assetcatalog; path = Assets.xcassets; sourceTree = "<group>"; };
		507AF5521C842A2400EF1C05 /* Base */ = {isa = PBXFileReference; lastKnownFileType = file.storyboard; name = Base; path = Base.lproj/LaunchScreen.storyboard; sourceTree = "<group>"; };
		507AF5541C842A2400EF1C05 /* Info.plist */ = {isa = PBXFileReference; lastKnownFileType = text.plist.xml; path = Info.plist; sourceTree = "<group>"; };
/* End PBXFileReference section */

/* Begin PBXFrameworksBuildPhase section */
		507AF5421C842A2300EF1C05 /* Frameworks */ = {
			isa = PBXFrameworksBuildPhase;
			buildActionMask = 2147483647;
			files = (
			);
			runOnlyForDeploymentPostprocessing = 0;
		};
/* End PBXFrameworksBuildPhase section */

/* Begin PBXGroup section */
		507AF53C1C842A2300EF1C05 = {
			isa = PBXGroup;
			children = (
				507AF5471C842A2300EF1C05 /* Sample3 */,
				507AF5461C842A2300EF1C05 /* Products */,
			);
			sourceTree = "<group>";
		};
		507AF5461C842A2300EF1C05 /* Products */ = {
			isa = PBXGroup;
			children = (
				507AF5451C842A2300EF1C05 /* Sample3.app */,
			);
			name = Products;
			sourceTree = "<group>";
		};
		507AF5471C842A2300EF1C05 /* Sample3 */ = {
			isa = PBXGroup;
			children = (
				507AF5481C842A2300EF1C05 /* AppDelegate.swift */,
				507AF54A1C842A2300EF1C05 /* ViewController.swift */,
				507AF54C1C842A2400EF1C05 /* Main.storyboard */,
				507AF5511C842A2400EF1C05 /* LaunchScreen.storyboard */,
				507AF54F1C842A2400EF1C05 /* Assets.xcassets */,
				507AF5541C842A2400EF1C05 /* Info.plist */,
			);
			path = Sample3;
			sourceTree = "<group>";
		};
/* End PBXGroup section */

/* Begin PBXNativeTarget section */
		507AF5441C842A2300EF1C05 /* Sample3 */ = {
			isa = PBXNativeTarget;
			buildConfigurationList = 507AF5571C842A2400EF1C05 /* Build configuration list for PBXNativeTarget "Sample3" */;
			buildPhases = (
				507AF5411C842A2300EF1C05 /* Sources */,
				507AF5421C842A2300EF1C05 /* Frameworks */,
				507AF5431C842A2300EF1C05 /* Resources */,
			);
			buildRules = (
			);
			dependencies = (
			);
			name = Sample3;
			productName = Sample3;
			productReference = 507AF5451C842A2300EF1C05 /* Sample3.app */;
			productType = "com.apple.product-type.application";
		};
/* End PBXNativeTarget section */

/* Begin PBXProject section */
		507AF53D1C842A2300EF1C05 /* Project object */ = {
			isa = PBXProject;
			attributes = {
				LastSwiftUpdateCheck = 0720;
				LastUpgradeCheck = 0720;
				ORGANIZATIONNAME = bitjini;
				TargetAttributes = {
					507AF5441C842A2300EF1C05 = {
						CreatedOnToolsVersion = 7.2;
					};
				};
			};
			buildConfigurationList = 507AF5401C842A2300EF1C05 /* Build configuration list for PBXProject "Sample3" */;
			compatibilityVersion = "Xcode 3.2";
			developmentRegion = English;
			hasScannedForEncodings = 0;
			knownRegions = (
				en,
				Base,
			);
			mainGroup = 507AF53C1C842A2300EF1C05;
			productRefGroup = 507AF5461C842A2300EF1C05 /* Products */;
			projectDirPath = "";
			projectRoot = "";
			targets = (
				507AF5441C842A2300EF1C05 /* Sample3 */,
			);
		};
/* End PBXProject section */

/* Begin PBXResourcesBuildPhase section */
		507AF5431C842A2300EF1C05 /* Resources */ = {
			isa = PBXResourcesBuildPhase;
			buildActionMask = 2147483647;
			files = (
				507AF5531C842A2400EF1C05 /* LaunchScreen.storyboard in Resources */,
				507AF5501C842A2400EF1C05 /* Assets.xcassets in Resources */,
				507AF54E1C842A2400EF1C05 /* Main.storyboard in Resources */,
			);
			runOnlyForDeploymentPostprocessing = 0;
		};
/* End PBXResourcesBuildPhase section */

/* Begin PBXSourcesBuildPhase section */
		507AF5411C842A2300EF1C05 /* Sources */ = {
			isa = PBXSourcesBuildPhase;
			buildActionMask = 2147483647;
			files = (
				507AF54B1C842A2300EF1C05 /* ViewController.swift in Sources */,
				507AF5491C842A2300EF1C05 /* AppDelegate.swift in Sources */,
			);
			runOnlyForDeploymentPostprocessing = 0;
		};
/* End PBXSourcesBuildPhase section */

/* Begin PBXVariantGroup section */
		507AF54C1C842A2400EF1C05 /* Main.storyboard */ = {
			isa = PBXVariantGroup;
			children = (
				507AF54D1C842A2400EF1C05 /* Base */,
			);
			name = Main.storyboard;
			sourceTree = "<group>";
		};
		507AF5511C842A2400EF1C05 /* LaunchScreen.storyboard */ = {
			isa = PBXVariantGroup;
			children = (
				507AF5521C842A2400EF1C05 /* Base */,
			);
			name = LaunchScreen.storyboard;
			sourceTree = "<group>";
		};
/* End PBXVariantGroup section */

/* Begin XCBuildConfiguration section */
		507AF5551C842A2400EF1C05 /* Debug */ = {
			isa = XCBuildConfiguration;
			buildSettings = {
				ALWAYS_SEARCH_USER_PATHS = NO;
				CLANG_CXX_LANGUAGE_STANDARD = "gnu++0x";
				CLANG_CXX_LIBRARY = "libc++";
				CLANG_ENABLE_MODULES = YES;
				CLANG_ENABLE_OBJC_ARC = YES;
				CLANG_WARN_BOOL_CONVERSION = YES;
				CLANG_WARN_CONSTANT_CONVERSION = YES;
				CLANG_WARN_DIRECT_OBJC_ISA_USAGE = YES_ERROR;
				CLANG_WARN_EMPTY_BODY = YES;
				CLANG_WARN_ENUM_CONVERSION = YES;
				CLANG_WARN_INT_CONVERSION = YES;
				CLANG_WARN_OBJC_ROOT_CLASS = YES_ERROR;
				CLANG_WARN_UNREACHABLE_CODE = YES;
				CLANG_WARN__DUPLICATE_METHOD_MATCH = YES;
				"CODE_SIGN_IDENTITY[sdk=iphoneos*]" = "iPhone Developer";
				COPY_PHASE_STRIP = NO;
				DEBUG_INFORMATION_FORMAT = dwarf;
				ENABLE_STRICT_OBJC_MSGSEND = YES;
				ENABLE_TESTABILITY = YES;
				GCC_C_LANGUAGE_STANDARD = gnu99;
				GCC_DYNAMIC_NO_PIC = NO;
				GCC_NO_COMMON_BLOCKS = YES;
				GCC_OPTIMIZATION_LEVEL = 0;
				GCC_PREPROCESSOR_DEFINITIONS = (
					"DEBUG=1",
					"$(inherited)",
				);
				GCC_WARN_64_TO_32_BIT_CONVERSION = YES;
				GCC_WARN_ABOUT_RETURN_TYPE = YES_ERROR;
				GCC_WARN_UNDECLARED_SELECTOR = YES;
				GCC_WARN_UNINITIALIZED_AUTOS = YES_AGGRESSIVE;
				GCC_WARN_UNUSED_FUNCTION = YES;
				GCC_WARN_UNUSED_VARIABLE = YES;
				IPHONEOS_DEPLOYMENT_TARGET = 9.2;
				MTL_ENABLE_DEBUG_INFO = YES;
				ONLY_ACTIVE_ARCH = YES;
				SDKROOT = iphoneos;
				SWIFT_OPTIMIZATION_LEVEL = "-Onone";
				TARGETED_DEVICE_FAMILY = "1,2";
			};
			name = Debug;
		};
		507AF5561C842A2400EF1C05 /* Release */ = {
			isa = XCBuildConfiguration;
			buildSettings = {
				ALWAYS_SEARCH_USER_PATHS = NO;
				CLANG_CXX_LANGUAGE_STANDARD = "gnu++0x";
				CLANG_CXX_LIBRARY = "libc++";
				CLANG_ENABLE_MODULES = YES;
				CLANG_ENABLE_OBJC_ARC = YES;
				CLANG_WARN_BOOL_CONVERSION = YES;
				CLANG_WARN_CONSTANT_CONVERSION = YES;
				CLANG_WARN_DIRECT_OBJC_ISA_USAGE = YES_ERROR;
				CLANG_WARN_EMPTY_BODY = YES;
				CLANG_WARN_ENUM_CONVERSION = YES;
				CLANG_WARN_INT_CONVERSION = YES;
				CLANG_WARN_OBJC_ROOT_CLASS = YES_ERROR;
				CLANG_WARN_UNREACHABLE_CODE = YES;
				CLANG_WARN__DUPLICATE_METHOD_MATCH = YES;
				"CODE_SIGN_IDENTITY[sdk=iphoneos*]" = "iPhone Developer";
				COPY_PHASE_STRIP = NO;
				DEBUG_INFORMATION_FORMAT = "dwarf-with-dsym";
				ENABLE_NS_ASSERTIONS = NO;
				ENABLE_STRICT_OBJC_MSGSEND = YES;
				GCC_C_LANGUAGE_STANDARD = gnu99;
				GCC_NO_COMMON_BLOCKS = YES;
				GCC_WARN_64_TO_32_BIT_CONVERSION = YES;
				GCC_WARN_ABOUT_RETURN_TYPE = YES_ERROR;
				GCC_WARN_UNDECLARED_SELECTOR = YES;
				GCC_WARN_UNINITIALIZED_AUTOS = YES_AGGRESSIVE;
				GCC_WARN_UNUSED_FUNCTION = YES;
				GCC_WARN_UNUSED_VARIABLE = YES;
				IPHONEOS_DEPLOYMENT_TARGET = 9.2;
				MTL_ENABLE_DEBUG_INFO = NO;
				SDKROOT = iphoneos;
				TARGETED_DEVICE_FAMILY = "1,2";
				VALIDATE_PRODUCT = YES;
			};
			name = Release;
		};
		507AF5581C842A2400EF1C05 /* Debug */ = {
			isa = XCBuildConfiguration;
			buildSettings = {
				ASSETCATALOG_COMPILER_APPICON_NAME = AppIcon;
				INFOPLIST_FILE = Sample3/Info.plist;
				LD_RUNPATH_SEARCH_PATHS = "$(inherited) @executable_path/Frameworks";
				PRODUCT_BUNDLE_IDENTIFIER = com.bitjini.Sample3;
				PRODUCT_NAME = "$(TARGET_NAME)";
			};
			name = Debug;
		};
		507AF5591C842A2400EF1C05 /* Release */ = {
			isa = XCBuildConfiguration;
			buildSettings = {
				ASSETCATALOG_COMPILER_APPICON_NAME = AppIcon;
				INFOPLIST_FILE = Sample3/Info.plist;
				LD_RUNPATH_SEARCH_PATHS = "$(inherited) @executable_path/Frameworks";
				PRODUCT_BUNDLE_IDENTIFIER = com.bitjini.Sample3;
				PRODUCT_NAME = "$(TARGET_NAME)";
			};
			name = Release;
		};
/* End XCBuildConfiguration section */

/* Begin XCConfigurationList section */
		507AF5401C842A2300EF1C05 /* Build configuration list for PBXProject "Sample3" */ = {
			isa = XCConfigurationList;
			buildConfigurations = (
				507AF5551C842A2400EF1C05 /* Debug */,
				507AF5561C842A2400EF1C05 /* Release */,
			);
			defaultConfigurationIsVisible = 0;
			defaultConfigurationName = Release;
		};
		507AF5571C842A2400EF1C05 /* Build configuration list for PBXNativeTarget "Sample3" */ = {
			isa = XCConfigurationList;
			buildConfigurations = (
				507AF5581C842A2400EF1C05 /* Debug */,
				507AF5591C842A2400EF1C05 /* Release */,
			);
			defaultConfigurationIsVisible = 0;
		};
/* End XCConfigurationList section */
	};
	rootObject = 507AF53D1C842A2300EF1C05 /* Project object */;
}
