// !$*UTF8*$!
{
	archiveVersion = 1;
	classes = {
	};
	objectVersion = 46;
	objects = {

/* Begin PBXBuildFile section */
		500761531C92DB53002746B2 /* AppDelegate.swift in Sources */ = {isa = PBXBuildFile; fileRef = 500761521C92DB53002746B2 /* AppDelegate.swift */; };
		500761551C92DB53002746B2 /* ViewController.swift in Sources */ = {isa = PBXBuildFile; fileRef = 500761541C92DB53002746B2 /* ViewController.swift */; };
		500761581C92DB53002746B2 /* Main.storyboard in Resources */ = {isa = PBXBuildFile; fileRef = 500761561C92DB53002746B2 /* Main.storyboard */; };
		5007615A1C92DB53002746B2 /* Assets.xcassets in Resources */ = {isa = PBXBuildFile; fileRef = 500761591C92DB53002746B2 /* Assets.xcassets */; };
		5007615D1C92DB53002746B2 /* LaunchScreen.storyboard in Resources */ = {isa = PBXBuildFile; fileRef = 5007615B1C92DB53002746B2 /* LaunchScreen.storyboard */; };
/* End PBXBuildFile section */

/* Begin PBXFileReference section */
		5007614F1C92DB52002746B2 /* tab-barex.app */ = {isa = PBXFileReference; explicitFileType = wrapper.application; includeInIndex = 0; path = "tab-barex.app"; sourceTree = BUILT_PRODUCTS_DIR; };
		500761521C92DB53002746B2 /* AppDelegate.swift */ = {isa = PBXFileReference; lastKnownFileType = sourcecode.swift; path = AppDelegate.swift; sourceTree = "<group>"; };
		500761541C92DB53002746B2 /* ViewController.swift */ = {isa = PBXFileReference; lastKnownFileType = sourcecode.swift; path = ViewController.swift; sourceTree = "<group>"; };
		500761571C92DB53002746B2 /* Base */ = {isa = PBXFileReference; lastKnownFileType = file.storyboard; name = Base; path = Base.lproj/Main.storyboard; sourceTree = "<group>"; };
		500761591C92DB53002746B2 /* Assets.xcassets */ = {isa = PBXFileReference; lastKnownFileType = folder.assetcatalog; path = Assets.xcassets; sourceTree = "<group>"; };
		5007615C1C92DB53002746B2 /* Base */ = {isa = PBXFileReference; lastKnownFileType = file.storyboard; name = Base; path = Base.lproj/LaunchScreen.storyboard; sourceTree = "<group>"; };
		5007615E1C92DB53002746B2 /* Info.plist */ = {isa = PBXFileReference; lastKnownFileType = text.plist.xml; path = Info.plist; sourceTree = "<group>"; };
/* End PBXFileReference section */

/* Begin PBXFrameworksBuildPhase section */
		5007614C1C92DB52002746B2 /* Frameworks */ = {
			isa = PBXFrameworksBuildPhase;
			buildActionMask = 2147483647;
			files = (
			);
			runOnlyForDeploymentPostprocessing = 0;
		};
/* End PBXFrameworksBuildPhase section */

/* Begin PBXGroup section */
		500761461C92DB51002746B2 = {
			isa = PBXGroup;
			children = (
				500761511C92DB53002746B2 /* tab-barex */,
				500761501C92DB52002746B2 /* Products */,
			);
			sourceTree = "<group>";
		};
		500761501C92DB52002746B2 /* Products */ = {
			isa = PBXGroup;
			children = (
				5007614F1C92DB52002746B2 /* tab-barex.app */,
			);
			name = Products;
			sourceTree = "<group>";
		};
		500761511C92DB53002746B2 /* tab-barex */ = {
			isa = PBXGroup;
			children = (
				500761521C92DB53002746B2 /* AppDelegate.swift */,
				500761541C92DB53002746B2 /* ViewController.swift */,
				500761561C92DB53002746B2 /* Main.storyboard */,
				500761591C92DB53002746B2 /* Assets.xcassets */,
				5007615B1C92DB53002746B2 /* LaunchScreen.storyboard */,
				5007615E1C92DB53002746B2 /* Info.plist */,
			);
			path = "tab-barex";
			sourceTree = "<group>";
		};
/* End PBXGroup section */

/* Begin PBXNativeTarget section */
		5007614E1C92DB52002746B2 /* tab-barex */ = {
			isa = PBXNativeTarget;
			buildConfigurationList = 500761611C92DB53002746B2 /* Build configuration list for PBXNativeTarget "tab-barex" */;
			buildPhases = (
				5007614B1C92DB52002746B2 /* Sources */,
				5007614C1C92DB52002746B2 /* Frameworks */,
				5007614D1C92DB52002746B2 /* Resources */,
			);
			buildRules = (
			);
			dependencies = (
			);
			name = "tab-barex";
			productName = "tab-barex";
			productReference = 5007614F1C92DB52002746B2 /* tab-barex.app */;
			productType = "com.apple.product-type.application";
		};
/* End PBXNativeTarget section */

/* Begin PBXProject section */
		500761471C92DB51002746B2 /* Project object */ = {
			isa = PBXProject;
			attributes = {
				LastSwiftUpdateCheck = 0720;
				LastUpgradeCheck = 0720;
				ORGANIZATIONNAME = bitjini;
				TargetAttributes = {
					5007614E1C92DB52002746B2 = {
						CreatedOnToolsVersion = 7.2;
					};
				};
			};
			buildConfigurationList = 5007614A1C92DB52002746B2 /* Build configuration list for PBXProject "tab-barex" */;
			compatibilityVersion = "Xcode 3.2";
			developmentRegion = English;
			hasScannedForEncodings = 0;
			knownRegions = (
				en,
				Base,
			);
			mainGroup = 500761461C92DB51002746B2;
			productRefGroup = 500761501C92DB52002746B2 /* Products */;
			projectDirPath = "";
			projectRoot = "";
			targets = (
				5007614E1C92DB52002746B2 /* tab-barex */,
			);
		};
/* End PBXProject section */

/* Begin PBXResourcesBuildPhase section */
		5007614D1C92DB52002746B2 /* Resources */ = {
			isa = PBXResourcesBuildPhase;
			buildActionMask = 2147483647;
			files = (
				5007615D1C92DB53002746B2 /* LaunchScreen.storyboard in Resources */,
				5007615A1C92DB53002746B2 /* Assets.xcassets in Resources */,
				500761581C92DB53002746B2 /* Main.storyboard in Resources */,
			);
			runOnlyForDeploymentPostprocessing = 0;
		};
/* End PBXResourcesBuildPhase section */

/* Begin PBXSourcesBuildPhase section */
		5007614B1C92DB52002746B2 /* Sources */ = {
			isa = PBXSourcesBuildPhase;
			buildActionMask = 2147483647;
			files = (
				500761551C92DB53002746B2 /* ViewController.swift in Sources */,
				500761531C92DB53002746B2 /* AppDelegate.swift in Sources */,
			);
			runOnlyForDeploymentPostprocessing = 0;
		};
/* End PBXSourcesBuildPhase section */

/* Begin PBXVariantGroup section */
		500761561C92DB53002746B2 /* Main.storyboard */ = {
			isa = PBXVariantGroup;
			children = (
				500761571C92DB53002746B2 /* Base */,
			);
			name = Main.storyboard;
			sourceTree = "<group>";
		};
		5007615B1C92DB53002746B2 /* LaunchScreen.storyboard */ = {
			isa = PBXVariantGroup;
			children = (
				5007615C1C92DB53002746B2 /* Base */,
			);
			name = LaunchScreen.storyboard;
			sourceTree = "<group>";
		};
/* End PBXVariantGroup section */

/* Begin XCBuildConfiguration section */
		5007615F1C92DB53002746B2 /* Debug */ = {
			isa = XCBuildConfiguration;
			buildSettings = {
				ALWAYS_SEARCH_USER_PATHS = NO;
				CLANG_CXX_LANGUAGE_STANDARD = "gnu++0x";
				CLANG_CXX_LIBRARY = "libc++";
				CLANG_ENABLE_MODULES = YES;
				CLANG_ENABLE_OBJC_ARC = YES;
				CLANG_WARN_BOOL_CONVERSION = YES;
				CLANG_WARN_CONSTANT_CONVERSION = YES;
				CLANG_WARN_DIRECT_OBJC_ISA_USAGE = YES_ERROR;
				CLANG_WARN_EMPTY_BODY = YES;
				CLANG_WARN_ENUM_CONVERSION = YES;
				CLANG_WARN_INT_CONVERSION = YES;
				CLANG_WARN_OBJC_ROOT_CLASS = YES_ERROR;
				CLANG_WARN_UNREACHABLE_CODE = YES;
				CLANG_WARN__DUPLICATE_METHOD_MATCH = YES;
				"CODE_SIGN_IDENTITY[sdk=iphoneos*]" = "iPhone Developer";
				COPY_PHASE_STRIP = NO;
				DEBUG_INFORMATION_FORMAT = dwarf;
				ENABLE_STRICT_OBJC_MSGSEND = YES;
				ENABLE_TESTABILITY = YES;
				GCC_C_LANGUAGE_STANDARD = gnu99;
				GCC_DYNAMIC_NO_PIC = NO;
				GCC_NO_COMMON_BLOCKS = YES;
				GCC_OPTIMIZATION_LEVEL = 0;
				GCC_PREPROCESSOR_DEFINITIONS = (
					"DEBUG=1",
					"$(inherited)",
				);
				GCC_WARN_64_TO_32_BIT_CONVERSION = YES;
				GCC_WARN_ABOUT_RETURN_TYPE = YES_ERROR;
				GCC_WARN_UNDECLARED_SELECTOR = YES;
				GCC_WARN_UNINITIALIZED_AUTOS = YES_AGGRESSIVE;
				GCC_WARN_UNUSED_FUNCTION = YES;
				GCC_WARN_UNUSED_VARIABLE = YES;
				IPHONEOS_DEPLOYMENT_TARGET = 9.2;
				MTL_ENABLE_DEBUG_INFO = YES;
				ONLY_ACTIVE_ARCH = YES;
				SDKROOT = iphoneos;
				SWIFT_OPTIMIZATION_LEVEL = "-Onone";
				TARGETED_DEVICE_FAMILY = "1,2";
			};
			name = Debug;
		};
		500761601C92DB53002746B2 /* Release */ = {
			isa = XCBuildConfiguration;
			buildSettings = {
				ALWAYS_SEARCH_USER_PATHS = NO;
				CLANG_CXX_LANGUAGE_STANDARD = "gnu++0x";
				CLANG_CXX_LIBRARY = "libc++";
				CLANG_ENABLE_MODULES = YES;
				CLANG_ENABLE_OBJC_ARC = YES;
				CLANG_WARN_BOOL_CONVERSION = YES;
				CLANG_WARN_CONSTANT_CONVERSION = YES;
				CLANG_WARN_DIRECT_OBJC_ISA_USAGE = YES_ERROR;
				CLANG_WARN_EMPTY_BODY = YES;
				CLANG_WARN_ENUM_CONVERSION = YES;
				CLANG_WARN_INT_CONVERSION = YES;
				CLANG_WARN_OBJC_ROOT_CLASS = YES_ERROR;
				CLANG_WARN_UNREACHABLE_CODE = YES;
				CLANG_WARN__DUPLICATE_METHOD_MATCH = YES;
				"CODE_SIGN_IDENTITY[sdk=iphoneos*]" = "iPhone Developer";
				COPY_PHASE_STRIP = NO;
				DEBUG_INFORMATION_FORMAT = "dwarf-with-dsym";
				ENABLE_NS_ASSERTIONS = NO;
				ENABLE_STRICT_OBJC_MSGSEND = YES;
				GCC_C_LANGUAGE_STANDARD = gnu99;
				GCC_NO_COMMON_BLOCKS = YES;
				GCC_WARN_64_TO_32_BIT_CONVERSION = YES;
				GCC_WARN_ABOUT_RETURN_TYPE = YES_ERROR;
				GCC_WARN_UNDECLARED_SELECTOR = YES;
				GCC_WARN_UNINITIALIZED_AUTOS = YES_AGGRESSIVE;
				GCC_WARN_UNUSED_FUNCTION = YES;
				GCC_WARN_UNUSED_VARIABLE = YES;
				IPHONEOS_DEPLOYMENT_TARGET = 9.2;
				MTL_ENABLE_DEBUG_INFO = NO;
				SDKROOT = iphoneos;
				TARGETED_DEVICE_FAMILY = "1,2";
				VALIDATE_PRODUCT = YES;
			};
			name = Release;
		};
		500761621C92DB53002746B2 /* Debug */ = {
			isa = XCBuildConfiguration;
			buildSettings = {
				ASSETCATALOG_COMPILER_APPICON_NAME = AppIcon;
				INFOPLIST_FILE = "tab-barex/Info.plist";
				LD_RUNPATH_SEARCH_PATHS = "$(inherited) @executable_path/Frameworks";
				PRODUCT_BUNDLE_IDENTIFIER = "com.bitjini.tab-barex";
				PRODUCT_NAME = "$(TARGET_NAME)";
			};
			name = Debug;
		};
		500761631C92DB53002746B2 /* Release */ = {
			isa = XCBuildConfiguration;
			buildSettings = {
				ASSETCATALOG_COMPILER_APPICON_NAME = AppIcon;
				INFOPLIST_FILE = "tab-barex/Info.plist";
				LD_RUNPATH_SEARCH_PATHS = "$(inherited) @executable_path/Frameworks";
				PRODUCT_BUNDLE_IDENTIFIER = "com.bitjini.tab-barex";
				PRODUCT_NAME = "$(TARGET_NAME)";
			};
			name = Release;
		};
/* End XCBuildConfiguration section */

/* Begin XCConfigurationList section */
		5007614A1C92DB52002746B2 /* Build configuration list for PBXProject "tab-barex" */ = {
			isa = XCConfigurationList;
			buildConfigurations = (
				5007615F1C92DB53002746B2 /* Debug */,
				500761601C92DB53002746B2 /* Release */,
			);
			defaultConfigurationIsVisible = 0;
			defaultConfigurationName = Release;
		};
		500761611C92DB53002746B2 /* Build configuration list for PBXNativeTarget "tab-barex" */ = {
			isa = XCConfigurationList;
			buildConfigurations = (
				500761621C92DB53002746B2 /* Debug */,
				500761631C92DB53002746B2 /* Release */,
			);
			defaultConfigurationIsVisible = 0;
		};
/* End XCConfigurationList section */
	};
	rootObject = 500761471C92DB51002746B2 /* Project object */;
}
